
Microsoft Visual Studio Solution File, Format Version 12.00
# Visual Studio Version 17
VisualStudioVersion = 17.2.32516.85
MinimumVisualStudioVersion = 10.0.40219.1
Project("{FAE04EC0-301F-11D3-BF4B-00C04F79EFBC}") = "Calculator", "calculadora\Calculator.csproj", "{ECBFC74B-48C5-4BC2-B8C1-843406B52954}"
EndProject
Global
	GlobalSection(SolutionConfigurationPlatforms) = preSolution
		Debug|Any CPU = Debug|Any CPU
		Release|Any CPU = Release|Any CPU
	EndGlobalSection
	GlobalSection(ProjectConfigurationPlatforms) = postSolution
		{ECBFC74B-48C5-4BC2-B8C1-843406B52954}.Debug|Any CPU.ActiveCfg = Debug|Any CPU
		{ECBFC74B-48C5-4BC2-B8C1-843406B52954}.Debug|Any CPU.Build.0 = Debug|Any CPU
		{ECBFC74B-48C5-4BC2-B8C1-843406B52954}.Release|Any CPU.ActiveCfg = Release|Any CPU
		{ECBFC74B-48C5-4BC2-B8C1-843406B52954}.Release|Any CPU.Build.0 = Release|Any CPU
	EndGlobalSection
	GlobalSection(SolutionProperties) = preSolution
		HideSolutionNode = FALSE
	EndGlobalSection
	GlobalSection(ExtensibilityGlobals) = postSolution
		SolutionGuid = {8F19AD82-43DC-48AF-B887-F5E951F2F7AF}
	EndGlobalSection
EndGlobal
